github.com/aws/aws-sdk-go-v2 v1.39.4 h1:qTsQKcdQPHnfGYBBs+Btl8QwxJeoWcOcPcixK90mRhg=
github.com/aws/aws-sdk-go-v2 v1.39.4/go.mod h1:yWSxrnioGUZ4WVv9TgMrNUeLV3PFESn/v+6T/Su8gnM=
github.com/aws/aws-sdk-go-v2/internal/configsources v1.4.11 h1:7AANQZkF3ihM8fbdftpjhken0TP9sBzFbV/Ze/Y4HXA=
github.com/aws/aws-sdk-go-v2/internal/configsources v1.4.11/go.mod h1:NTF4QCGkm6fzVwncpkFQqoquQyOolcyXfbpC98urj+c=
github.com/aws/aws-sdk-go-v2/internal/endpoints/v2 v2.7.11 h1:ShdtWUZT37LCAA4Mw2kJAJtzaszfSHFb5n25sdcv4YE=
github.com/aws/aws-sdk-go-v2/internal/endpoints/v2 v2.7.11/go.mod h1:7bUb2sSr2MZ3M/N+VyETLTQtInemHXb/Fl3s8CLzm0Y=
github.com/aws/aws-sdk-go-v2/service/kms v1.46.2 h1:hz2rJseQXnVQtVbByFpeSCNJBBU7oFN+yenW4biJtvs=
github.com/aws/aws-sdk-go-v2/service/kms v1.46.2/go.mod h1:E4ink1KCQgqIe2pHFD9E+b5CNXovm50rQbWFuh0cM+I=
github.com/aws/smithy-go v1.23.1 h1:sLvcH6dfAFwGkHLZ7dGiYF7aK6mg4CgKA/iDKjLDt9M=
github.com/aws/smithy-go v1.23.1/go.mod h1:LEj2LM3rBRQJxPZTB4KuzZkaZYnZPnvgIhb4pu07mx0=
github.com/golang-jwt/jwt/v4 v4.5.2 h1:YtQM7lnr8iZ+j5q71MGKkNw9Mn7AjHM68uc9g5fXeUI=
github.com/golang-jwt/jwt/v4 v4.5.2/go.mod h1:m21LjoU+eqJr34lmDMbreY2eSTRJ1cv77w39/MY0Ch0=
